<?xml version="1.0" encoding="utf-8"?>
<Project ToolsVersion="4.0" xmlns="http://schemas.microsoft.com/developer/msbuild/2003">
  <ItemGroup>
    <Filter Include="Main">
      <UniqueIdentifier>{5ca1b518-79e3-4492-abb0-c5d44f6bebea}</UniqueIdentifier>
    </Filter>
    <Filter Include="General">
      <UniqueIdentifier>{5bc50842-75cc-4559-b3db-8c114956f00a}</UniqueIdentifier>
    </Filter>
    <Filter Include="Engine Modules">
      <UniqueIdentifier>{d8714392-2692-4802-87b5-fadf6479b37a}</UniqueIdentifier>
    </Filter>
  </ItemGroup>
  <ItemGroup>
    <ClInclude Include="memLeaks.h">
      <Filter>Main</Filter>
    </ClInclude>
    <ClInclude Include="MainStates.h">
      <Filter>Main</Filter>
    </ClInclude>
    <ClInclude Include="Application.h">
      <Filter>Main</Filter>
    </ClInclude>
    <ClInclude Include="ModuleWindow.h">
      <Filter>Engine Modules</Filter>
    </ClInclude>
    <ClInclude Include="Module.h">
      <Filter>Engine Modules</Filter>
    </ClInclude>
    <ClInclude Include="ModuleAudio.h">
      <Filter>Engine Modules</Filter>
    </ClInclude>
    <ClInclude Include="ModuleFadeToBlack.h">
      <Filter>Engine Modules</Filter>
    </ClInclude>
    <ClInclude Include="ModuleInput.h">
      <Filter>Engine Modules</Filter>
    </ClInclude>
    <ClInclude Include="ModuleRender.h">
      <Filter>Engine Modules</Filter>
    </ClInclude>
    <ClInclude Include="ModuleTextures.h">
      <Filter>Engine Modules</Filter>
    </ClInclude>
    <ClInclude Include="Animation.h">
      <Filter>General</Filter>
    </ClInclude>
    <ClInclude Include="EventWindow.h">
      <Filter>General</Filter>
    </ClInclude>
    <ClInclude Include="globals.h">
      <Filter>General</Filter>
    </ClInclude>
    <ClInclude Include="KeyState.h">
      <Filter>General</Filter>
    </ClInclude>
    <ClInclude Include="Point.h">
      <Filter>General</Filter>
    </ClInclude>
    <ClInclude Include="UpdateStatus.h">
      <Filter>General</Filter>
    </ClInclude>
    <ClInclude Include="ModuleTime.h">
      <Filter>Engine Modules</Filter>
    </ClInclude>
  </ItemGroup>
  <ItemGroup>
    <ClCompile Include="main.cpp">
      <Filter>Main</Filter>
    </ClCompile>
    <ClCompile Include="Application.cpp">
      <Filter>Main</Filter>
    </ClCompile>
    <ClCompile Include="ModuleAudio.cpp">
      <Filter>Engine Modules</Filter>
    </ClCompile>
    <ClCompile Include="ModuleFadeToBlack.cpp">
      <Filter>Engine Modules</Filter>
    </ClCompile>
    <ClCompile Include="ModuleInput.cpp">
      <Filter>Engine Modules</Filter>
    </ClCompile>
    <ClCompile Include="ModuleRender.cpp">
      <Filter>Engine Modules</Filter>
    </ClCompile>
    <ClCompile Include="ModuleTextures.cpp">
      <Filter>Engine Modules</Filter>
    </ClCompile>
    <ClCompile Include="ModuleWindow.cpp">
      <Filter>Engine Modules</Filter>
    </ClCompile>
    <ClCompile Include="globals.cpp">
      <Filter>General</Filter>
    </ClCompile>
    <ClCompile Include="ModuleTime.cpp">
      <Filter>Engine Modules</Filter>
    </ClCompile>
  </ItemGroup>
</Project>